
Microsoft Visual Studio Solution File, Format Version 12.00
# Visual Studio Version 17
VisualStudioVersion = 17.8.34408.163
MinimumVisualStudioVersion = 10.0.40219.1
Project("{8BC9CEB8-8B4A-11D0-8D11-00A0C91BC942}") = "HelloWorld", "HelloWorld\HelloWorld.vcxproj", "{97871651-600A-43EF-939D-B39460EBD1CE}"
EndProject
Project("{8BC9CEB8-8B4A-11D0-8D11-00A0C91BC942}") = "Variable Swapping", "Variable Swapping\Variable Swapping.vcxproj", "{B5F807E5-7382-42A3-A507-F4D0F5DA98F6}"
EndProject
Global
	GlobalSection(SolutionConfigurationPlatforms) = preSolution
		Debug|x64 = Debug|x64
		Debug|x86 = Debug|x86
		Release|x64 = Release|x64
		Release|x86 = Release|x86
	EndGlobalSection
	GlobalSection(ProjectConfigurationPlatforms) = postSolution
		{97871651-600A-43EF-939D-B39460EBD1CE}.Debug|x64.ActiveCfg = Debug|x64
		{97871651-600A-43EF-939D-B39460EBD1CE}.Debug|x64.Build.0 = Debug|x64
		{97871651-600A-43EF-939D-B39460EBD1CE}.Debug|x86.ActiveCfg = Debug|Win32
		{97871651-600A-43EF-939D-B39460EBD1CE}.Debug|x86.Build.0 = Debug|Win32
		{97871651-600A-43EF-939D-B39460EBD1CE}.Release|x64.ActiveCfg = Release|x64
		{97871651-600A-43EF-939D-B39460EBD1CE}.Release|x64.Build.0 = Release|x64
		{97871651-600A-43EF-939D-B39460EBD1CE}.Release|x86.ActiveCfg = Release|Win32
		{97871651-600A-43EF-939D-B39460EBD1CE}.Release|x86.Build.0 = Release|Win32
		{B5F807E5-7382-42A3-A507-F4D0F5DA98F6}.Debug|x64.ActiveCfg = Debug|x64
		{B5F807E5-7382-42A3-A507-F4D0F5DA98F6}.Debug|x64.Build.0 = Debug|x64
		{B5F807E5-7382-42A3-A507-F4D0F5DA98F6}.Debug|x86.ActiveCfg = Debug|Win32
		{B5F807E5-7382-42A3-A507-F4D0F5DA98F6}.Debug|x86.Build.0 = Debug|Win32
		{B5F807E5-7382-42A3-A507-F4D0F5DA98F6}.Release|x64.ActiveCfg = Release|x64
		{B5F807E5-7382-42A3-A507-F4D0F5DA98F6}.Release|x64.Build.0 = Release|x64
		{B5F807E5-7382-42A3-A507-F4D0F5DA98F6}.Release|x86.ActiveCfg = Release|Win32
		{B5F807E5-7382-42A3-A507-F4D0F5DA98F6}.Release|x86.Build.0 = Release|Win32
	EndGlobalSection
	GlobalSection(SolutionProperties) = preSolution
		HideSolutionNode = FALSE
	EndGlobalSection
	GlobalSection(ExtensibilityGlobals) = postSolution
		SolutionGuid = {EF506C53-CBCD-4F7B-85D7-2A8125CD88FD}
	EndGlobalSection
EndGlobal
